Microsoft Visual Studio Solution File, Format Version 12.00
# Visual Studio Version 17
VisualStudioVersion = 17.5.2.0
MinimumVisualStudioVersion = 10.0.40219.1
Project("{FAE04EC0-301F-11D3-BF4B-00C04F79EFBC}") = "SistemaEmpresa", "SistemaEmpresa\SistemaEmpresa.csproj", "{EA148AEB-980A-89DE-1F9F-51DDC0DC4427}"
EndProject
Global
	GlobalSection(SolutionConfigurationPlatforms) = preSolution
		Debug|Any CPU = Debug|Any CPU
		Release|Any CPU = Release|Any CPU
	EndGlobalSection
	GlobalSection(ProjectConfigurationPlatforms) = postSolution
		{EA148AEB-980A-89DE-1F9F-51DDC0DC4427}.Debug|Any CPU.ActiveCfg = Debug|Any CPU
		{EA148AEB-980A-89DE-1F9F-51DDC0DC4427}.Debug|Any CPU.Build.0 = Debug|Any CPU
		{EA148AEB-980A-89DE-1F9F-51DDC0DC4427}.Release|Any CPU.ActiveCfg = Release|Any CPU
		{EA148AEB-980A-89DE-1F9F-51DDC0DC4427}.Release|Any CPU.Build.0 = Release|Any CPU
	EndGlobalSection
	GlobalSection(SolutionProperties) = preSolution
		HideSolutionNode = FALSE
	EndGlobalSection
	GlobalSection(ExtensibilityGlobals) = postSolution
		SolutionGuid = {0DB74C1F-B75F-4606-B956-582B0C83A9D3}
	EndGlobalSection
EndGlobal
